{
  "originHash" : "402f928b17f965f511d4ad1b112781f768cd55a77286e33a103d3cde6d1ead9e",
  "pins" : [
    {
      "identity" : "codemirror-swiftui",
      "kind" : "remoteSourceControl",
      "location" : "https://github.com/Pictarine/CodeMirror-SwiftUI",
      "state" : {
        "branch" : "master",
        "revision" : "91eb30d2ea54c136de2540cacaeb95b9ab5de8e0"
      }
    },
    {
      "identity" : "documentkit",
      "kind" : "remoteSourceControl",
      "location" : "https://github.com/danielsaidi/DocumentKit.git",
      "state" : {
        "revision" : "361f94c6f46935ff9ec91caee4245611ee6f3136",
        "version" : "0.3.0"
      }
    }
  ],
  "version" : 3
}
