{
  "originHash" : "f50f47c9b0be70ee624839ca4c30eeeab2235724f3bcfbe4b4db6b91217dc983",
  "pins" : [
    {
      "identity" : "codemirror-swiftui",
      "kind" : "remoteSourceControl",
      "location" : "https://github.com/Pictarine/CodeMirror-SwiftUI",
      "state" : {
        "branch" : "master",
        "revision" : "91eb30d2ea54c136de2540cacaeb95b9ab5de8e0"
      }
    },
    {
      "identity" : "documentkit",
      "kind" : "remoteSourceControl",
      "location" : "https://github.com/danielsaidi/DocumentKit.git",
      "state" : {
        "revision" : "361f94c6f46935ff9ec91caee4245611ee6f3136",
        "version" : "0.3.0"
      }
    },
    {
      "identity" : "swiftuiprint",
      "kind" : "remoteSourceControl",
      "location" : "https://github.com/wolfmcnally/SwiftUIPrint",
      "state" : {
        "revision" : "3dc60c03bba75c441f216442c39c802ff3ae3b57",
        "version" : "3.0.0"
      }
    }
  ],
  "version" : 3
}
