// !$*UTF8*$!
{
	archiveVersion = 1;
	classes = {
	};
	objectVersion = 70;
	objects = {

/* Begin PBXBuildFile section */
		D56F55552CC9947C00A3D0A4 /* QuickCode iOS App Clip.app in Embed App Clips */ = {isa = PBXBuildFile; fileRef = D56F55462CC9947A00A3D0A4 /* QuickCode iOS App Clip.app */; settings = {ATTRIBUTES = (RemoveHeadersOnCopy, ); }; };
		D56F55A52CCEFE0A00A3D0A4 /* CodeMirror-SwiftUI in Frameworks */ = {isa = PBXBuildFile; productRef = D56F55A42CCEFE0A00A3D0A4 /* CodeMirror-SwiftUI */; };
		D56F55A62CCEFE2100A3D0A4 /* CodeMirror-SwiftUI in Embed Frameworks */ = {isa = PBXBuildFile; productRef = D56F55A42CCEFE0A00A3D0A4 /* CodeMirror-SwiftUI */; settings = {ATTRIBUTES = (CodeSignOnCopy, ); }; };
		D56F55A82CCEFE2900A3D0A4 /* CodeMirror-SwiftUI in Frameworks */ = {isa = PBXBuildFile; productRef = D56F55A72CCEFE2900A3D0A4 /* CodeMirror-SwiftUI */; };
		D56F55A92CCEFE2900A3D0A4 /* CodeMirror-SwiftUI in Embed Frameworks */ = {isa = PBXBuildFile; productRef = D56F55A72CCEFE2900A3D0A4 /* CodeMirror-SwiftUI */; settings = {ATTRIBUTES = (CodeSignOnCopy, ); }; };
		D56F55AB2CCEFE3100A3D0A4 /* CodeMirror-SwiftUI in Frameworks */ = {isa = PBXBuildFile; productRef = D56F55AA2CCEFE3100A3D0A4 /* CodeMirror-SwiftUI */; };
		D56F55AC2CCEFE3100A3D0A4 /* CodeMirror-SwiftUI in Embed Frameworks */ = {isa = PBXBuildFile; productRef = D56F55AA2CCEFE3100A3D0A4 /* CodeMirror-SwiftUI */; settings = {ATTRIBUTES = (CodeSignOnCopy, ); }; };
/* End PBXBuildFile section */

/* Begin PBXContainerItemProxy section */
		D56F55532CC9947C00A3D0A4 /* PBXContainerItemProxy */ = {
			isa = PBXContainerItemProxy;
			containerPortal = D596C7212BBACC1E008D0E9A /* Project object */;
			proxyType = 1;
			remoteGlobalIDString = D56F55452CC9947A00A3D0A4;
			remoteInfo = "QuickCode iOS App Clip";
		};
/* End PBXContainerItemProxy section */

/* Begin PBXCopyFilesBuildPhase section */
		D56F555A2CC9947C00A3D0A4 /* Embed App Clips */ = {
			isa = PBXCopyFilesBuildPhase;
			buildActionMask = 2147483647;
			dstPath = "$(CONTENTS_FOLDER_PATH)/AppClips";
			dstSubfolderSpec = 16;
			files = (
				D56F55552CC9947C00A3D0A4 /* QuickCode iOS App Clip.app in Embed App Clips */,
			);
			name = "Embed App Clips";
			runOnlyForDeploymentPostprocessing = 0;
		};
		D56F555E2CCAEB1D00A3D0A4 /* Embed Frameworks */ = {
			isa = PBXCopyFilesBuildPhase;
			buildActionMask = 2147483647;
			dstPath = "";
			dstSubfolderSpec = 10;
			files = (
				D56F55AC2CCEFE3100A3D0A4 /* CodeMirror-SwiftUI in Embed Frameworks */,
			);
			name = "Embed Frameworks";
			runOnlyForDeploymentPostprocessing = 0;
		};
		D596C75B2BBACF28008D0E9A /* Embed Frameworks */ = {
			isa = PBXCopyFilesBuildPhase;
			buildActionMask = 2147483647;
			dstPath = "";
			dstSubfolderSpec = 10;
			files = (
				D56F55A92CCEFE2900A3D0A4 /* CodeMirror-SwiftUI in Embed Frameworks */,
			);
			name = "Embed Frameworks";
			runOnlyForDeploymentPostprocessing = 0;
		};
		D596C7612BBACF40008D0E9A /* Embed Frameworks */ = {
			isa = PBXCopyFilesBuildPhase;
			buildActionMask = 2147483647;
			dstPath = "";
			dstSubfolderSpec = 10;
			files = (
				D56F55A62CCEFE2100A3D0A4 /* CodeMirror-SwiftUI in Embed Frameworks */,
			);
			name = "Embed Frameworks";
			runOnlyForDeploymentPostprocessing = 0;
		};
/* End PBXCopyFilesBuildPhase section */

/* Begin PBXFileReference section */
		D56F55462CC9947A00A3D0A4 /* QuickCode iOS App Clip.app */ = {isa = PBXFileReference; explicitFileType = wrapper.application; includeInIndex = 0; path = "QuickCode iOS App Clip.app"; sourceTree = BUILT_PRODUCTS_DIR; };
		D596C7292BBACC1E008D0E9A /* QuickCode.app */ = {isa = PBXFileReference; explicitFileType = wrapper.application; includeInIndex = 0; path = QuickCode.app; sourceTree = BUILT_PRODUCTS_DIR; };
		D596C7422BBACC9F008D0E9A /* QuickCode iOS.app */ = {isa = PBXFileReference; explicitFileType = wrapper.application; includeInIndex = 0; path = "QuickCode iOS.app"; sourceTree = BUILT_PRODUCTS_DIR; };
/* End PBXFileReference section */

/* Begin PBXFileSystemSynchronizedBuildFileExceptionSet section */
		D56F55562CC9947C00A3D0A4 /* PBXFileSystemSynchronizedBuildFileExceptionSet */ = {
			isa = PBXFileSystemSynchronizedBuildFileExceptionSet;
			membershipExceptions = (
				Info.plist,
			);
			target = D56F55452CC9947A00A3D0A4 /* QuickCode iOS App Clip */;
		};
		D56F55742CCE7AE900A3D0A4 /* PBXFileSystemSynchronizedBuildFileExceptionSet */ = {
			isa = PBXFileSystemSynchronizedBuildFileExceptionSet;
			membershipExceptions = (
				Info.plist,
			);
			target = D596C7412BBACC9F008D0E9A /* QuickCode iOS */;
		};
		D56F55892CCE7AF300A3D0A4 /* PBXFileSystemSynchronizedBuildFileExceptionSet */ = {
			isa = PBXFileSystemSynchronizedBuildFileExceptionSet;
			membershipExceptions = (
				Info.plist,
			);
			target = D596C7282BBACC1E008D0E9A /* QuickCode */;
		};
/* End PBXFileSystemSynchronizedBuildFileExceptionSet section */

/* Begin PBXFileSystemSynchronizedRootGroup section */
		D56F55472CC9947A00A3D0A4 /* QuickCode iOS App Clip */ = {isa = PBXFileSystemSynchronizedRootGroup; exceptions = (D56F55562CC9947C00A3D0A4 /* PBXFileSystemSynchronizedBuildFileExceptionSet */, ); explicitFileTypes = {}; explicitFolders = (); path = "QuickCode iOS App Clip"; sourceTree = "<group>"; };
		D56F556B2CCE7AE900A3D0A4 /* QuickCode iOS */ = {isa = PBXFileSystemSynchronizedRootGroup; exceptions = (D56F55742CCE7AE900A3D0A4 /* PBXFileSystemSynchronizedBuildFileExceptionSet */, ); explicitFileTypes = {}; explicitFolders = (); path = "QuickCode iOS"; sourceTree = "<group>"; };
		D56F55812CCE7AF300A3D0A4 /* QuickCode */ = {isa = PBXFileSystemSynchronizedRootGroup; exceptions = (D56F55892CCE7AF300A3D0A4 /* PBXFileSystemSynchronizedBuildFileExceptionSet */, ); explicitFileTypes = {}; explicitFolders = (); path = QuickCode; sourceTree = "<group>"; };
/* End PBXFileSystemSynchronizedRootGroup section */

/* Begin PBXFrameworksBuildPhase section */
		D56F55432CC9947A00A3D0A4 /* Frameworks */ = {
			isa = PBXFrameworksBuildPhase;
			buildActionMask = 2147483647;
			files = (
				D56F55AB2CCEFE3100A3D0A4 /* CodeMirror-SwiftUI in Frameworks */,
			);
			runOnlyForDeploymentPostprocessing = 0;
		};
		D596C7262BBACC1E008D0E9A /* Frameworks */ = {
			isa = PBXFrameworksBuildPhase;
			buildActionMask = 2147483647;
			files = (
				D56F55A52CCEFE0A00A3D0A4 /* CodeMirror-SwiftUI in Frameworks */,
			);
			runOnlyForDeploymentPostprocessing = 0;
		};
		D596C73F2BBACC9F008D0E9A /* Frameworks */ = {
			isa = PBXFrameworksBuildPhase;
			buildActionMask = 2147483647;
			files = (
				D56F55A82CCEFE2900A3D0A4 /* CodeMirror-SwiftUI in Frameworks */,
			);
			runOnlyForDeploymentPostprocessing = 0;
		};
/* End PBXFrameworksBuildPhase section */

/* Begin PBXGroup section */
		D596C7202BBACC1E008D0E9A = {
			isa = PBXGroup;
			children = (
				D56F55812CCE7AF300A3D0A4 /* QuickCode */,
				D56F556B2CCE7AE900A3D0A4 /* QuickCode iOS */,
				D56F55472CC9947A00A3D0A4 /* QuickCode iOS App Clip */,
				D596C72A2BBACC1E008D0E9A /* Products */,
				D596C7572BBACF28008D0E9A /* Frameworks */,
			);
			sourceTree = "<group>";
		};
		D596C72A2BBACC1E008D0E9A /* Products */ = {
			isa = PBXGroup;
			children = (
				D596C7292BBACC1E008D0E9A /* QuickCode.app */,
				D596C7422BBACC9F008D0E9A /* QuickCode iOS.app */,
				D56F55462CC9947A00A3D0A4 /* QuickCode iOS App Clip.app */,
			);
			name = Products;
			sourceTree = "<group>";
		};
		D596C7572BBACF28008D0E9A /* Frameworks */ = {
			isa = PBXGroup;
			children = (
			);
			name = Frameworks;
			sourceTree = "<group>";
		};
/* End PBXGroup section */

/* Begin PBXNativeTarget section */
		D56F55452CC9947A00A3D0A4 /* QuickCode iOS App Clip */ = {
			isa = PBXNativeTarget;
			buildConfigurationList = D56F55572CC9947C00A3D0A4 /* Build configuration list for PBXNativeTarget "QuickCode iOS App Clip" */;
			buildPhases = (
				D56F55422CC9947A00A3D0A4 /* Sources */,
				D56F55432CC9947A00A3D0A4 /* Frameworks */,
				D56F55442CC9947A00A3D0A4 /* Resources */,
				D56F555E2CCAEB1D00A3D0A4 /* Embed Frameworks */,
			);
			buildRules = (
			);
			dependencies = (
			);
			fileSystemSynchronizedGroups = (
				D56F55472CC9947A00A3D0A4 /* QuickCode iOS App Clip */,
			);
			name = "QuickCode iOS App Clip";
			packageProductDependencies = (
				D56F55AA2CCEFE3100A3D0A4 /* CodeMirror-SwiftUI */,
			);
			productName = "QuickCode iOS App Clip";
			productReference = D56F55462CC9947A00A3D0A4 /* QuickCode iOS App Clip.app */;
			productType = "com.apple.product-type.application.on-demand-install-capable";
		};
		D596C7282BBACC1E008D0E9A /* QuickCode */ = {
			isa = PBXNativeTarget;
			buildConfigurationList = D596C73B2BBACC20008D0E9A /* Build configuration list for PBXNativeTarget "QuickCode" */;
			buildPhases = (
				D596C7252BBACC1E008D0E9A /* Sources */,
				D596C7262BBACC1E008D0E9A /* Frameworks */,
				D596C7272BBACC1E008D0E9A /* Resources */,
				D596C7612BBACF40008D0E9A /* Embed Frameworks */,
			);
			buildRules = (
			);
			dependencies = (
			);
			fileSystemSynchronizedGroups = (
				D56F55812CCE7AF300A3D0A4 /* QuickCode */,
			);
			name = QuickCode;
			packageProductDependencies = (
				D56F55A42CCEFE0A00A3D0A4 /* CodeMirror-SwiftUI */,
			);
			productName = QuickCode;
			productReference = D596C7292BBACC1E008D0E9A /* QuickCode.app */;
			productType = "com.apple.product-type.application";
		};
		D596C7412BBACC9F008D0E9A /* QuickCode iOS */ = {
			isa = PBXNativeTarget;
			buildConfigurationList = D596C7502BBACCA1008D0E9A /* Build configuration list for PBXNativeTarget "QuickCode iOS" */;
			buildPhases = (
				D596C73E2BBACC9F008D0E9A /* Sources */,
				D596C73F2BBACC9F008D0E9A /* Frameworks */,
				D596C7402BBACC9F008D0E9A /* Resources */,
				D596C75B2BBACF28008D0E9A /* Embed Frameworks */,
				D56F555A2CC9947C00A3D0A4 /* Embed App Clips */,
			);
			buildRules = (
			);
			dependencies = (
				D56F55542CC9947C00A3D0A4 /* PBXTargetDependency */,
			);
			fileSystemSynchronizedGroups = (
				D56F556B2CCE7AE900A3D0A4 /* QuickCode iOS */,
			);
			name = "QuickCode iOS";
			packageProductDependencies = (
				D56F55A72CCEFE2900A3D0A4 /* CodeMirror-SwiftUI */,
			);
			productName = "QuickCode iOS";
			productReference = D596C7422BBACC9F008D0E9A /* QuickCode iOS.app */;
			productType = "com.apple.product-type.application";
		};
/* End PBXNativeTarget section */

/* Begin PBXProject section */
		D596C7212BBACC1E008D0E9A /* Project object */ = {
			isa = PBXProject;
			attributes = {
				BuildIndependentTargetsInParallel = 1;
				LastSwiftUpdateCheck = 1600;
				LastUpgradeCheck = 1540;
				TargetAttributes = {
					D56F55452CC9947A00A3D0A4 = {
						CreatedOnToolsVersion = 16.0;
					};
					D596C7282BBACC1E008D0E9A = {
						CreatedOnToolsVersion = 15.3;
					};
					D596C7412BBACC9F008D0E9A = {
						CreatedOnToolsVersion = 15.3;
					};
				};
			};
			buildConfigurationList = D596C7242BBACC1E008D0E9A /* Build configuration list for PBXProject "QuickCode" */;
			compatibilityVersion = "Xcode 14.0";
			developmentRegion = en;
			hasScannedForEncodings = 0;
			knownRegions = (
				en,
				Base,
			);
			mainGroup = D596C7202BBACC1E008D0E9A;
			packageReferences = (
				D56F55A02CCED29F00A3D0A4 /* XCRemoteSwiftPackageReference "SwiftUIKit" */,
				D56F55A12CCED2C300A3D0A4 /* XCRemoteSwiftPackageReference "StoreKitPlus" */,
				D56F55A22CCED39D00A3D0A4 /* XCRemoteSwiftPackageReference "PrintingKit" */,
				D56F55A32CCEFE0A00A3D0A4 /* XCRemoteSwiftPackageReference "CodeMirror-SwiftUI" */,
			);
			productRefGroup = D596C72A2BBACC1E008D0E9A /* Products */;
			projectDirPath = "";
			projectRoot = "";
			targets = (
				D596C7282BBACC1E008D0E9A /* QuickCode */,
				D596C7412BBACC9F008D0E9A /* QuickCode iOS */,
				D56F55452CC9947A00A3D0A4 /* QuickCode iOS App Clip */,
			);
		};
/* End PBXProject section */

/* Begin PBXResourcesBuildPhase section */
		D56F55442CC9947A00A3D0A4 /* Resources */ = {
			isa = PBXResourcesBuildPhase;
			buildActionMask = 2147483647;
			files = (
			);
			runOnlyForDeploymentPostprocessing = 0;
		};
		D596C7272BBACC1E008D0E9A /* Resources */ = {
			isa = PBXResourcesBuildPhase;
			buildActionMask = 2147483647;
			files = (
			);
			runOnlyForDeploymentPostprocessing = 0;
		};
		D596C7402BBACC9F008D0E9A /* Resources */ = {
			isa = PBXResourcesBuildPhase;
			buildActionMask = 2147483647;
			files = (
			);
			runOnlyForDeploymentPostprocessing = 0;
		};
/* End PBXResourcesBuildPhase section */

/* Begin PBXSourcesBuildPhase section */
		D56F55422CC9947A00A3D0A4 /* Sources */ = {
			isa = PBXSourcesBuildPhase;
			buildActionMask = 2147483647;
			files = (
			);
			runOnlyForDeploymentPostprocessing = 0;
		};
		D596C7252BBACC1E008D0E9A /* Sources */ = {
			isa = PBXSourcesBuildPhase;
			buildActionMask = 2147483647;
			files = (
			);
			runOnlyForDeploymentPostprocessing = 0;
		};
		D596C73E2BBACC9F008D0E9A /* Sources */ = {
			isa = PBXSourcesBuildPhase;
			buildActionMask = 2147483647;
			files = (
			);
			runOnlyForDeploymentPostprocessing = 0;
		};
/* End PBXSourcesBuildPhase section */

/* Begin PBXTargetDependency section */
		D56F55542CC9947C00A3D0A4 /* PBXTargetDependency */ = {
			isa = PBXTargetDependency;
			target = D56F55452CC9947A00A3D0A4 /* QuickCode iOS App Clip */;
			targetProxy = D56F55532CC9947C00A3D0A4 /* PBXContainerItemProxy */;
		};
/* End PBXTargetDependency section */

/* Begin XCBuildConfiguration section */
		D56F55582CC9947C00A3D0A4 /* Debug */ = {
			isa = XCBuildConfiguration;
			buildSettings = {
				ASSETCATALOG_COMPILER_APPICON_NAME = AppIcon;
				ASSETCATALOG_COMPILER_GLOBAL_ACCENT_COLOR_NAME = AccentColor;
				CODE_SIGN_ENTITLEMENTS = "QuickCode iOS App Clip/QuickCode_iOS_App_Clip.entitlements";
				CODE_SIGN_STYLE = Automatic;
				CURRENT_PROJECT_VERSION = 9;
				DEVELOPMENT_ASSET_PATHS = "\"QuickCode iOS App Clip/Preview Content\"";
				DEVELOPMENT_TEAM = ZWASU9HFBU;
				ENABLE_PREVIEWS = YES;
				GENERATE_INFOPLIST_FILE = YES;
				INFOPLIST_FILE = "QuickCode iOS App Clip/Info.plist";
				INFOPLIST_KEY_CFBundleDisplayName = QuickCode;
				INFOPLIST_KEY_LSApplicationCategoryType = "public.app-category.developer-tools";
				INFOPLIST_KEY_UIApplicationSceneManifest_Generation = YES;
				INFOPLIST_KEY_UIApplicationSupportsIndirectInputEvents = YES;
				INFOPLIST_KEY_UILaunchScreen_Generation = YES;
				INFOPLIST_KEY_UISupportedInterfaceOrientations_iPad = "UIInterfaceOrientationPortrait UIInterfaceOrientationPortraitUpsideDown UIInterfaceOrientationLandscapeLeft UIInterfaceOrientationLandscapeRight";
				INFOPLIST_KEY_UISupportedInterfaceOrientations_iPhone = "UIInterfaceOrientationPortrait UIInterfaceOrientationLandscapeLeft UIInterfaceOrientationLandscapeRight";
				IPHONEOS_DEPLOYMENT_TARGET = 17.0;
				LD_RUNPATH_SEARCH_PATHS = (
					"$(inherited)",
					"@executable_path/Frameworks",
				);
				MARKETING_VERSION = 1.1;
				PRODUCT_BUNDLE_IDENTIFIER = com.MSJ.QuickCode.Clip;
				PRODUCT_NAME = "$(TARGET_NAME)";
				SDKROOT = iphoneos;
				SUPPORTED_PLATFORMS = "iphoneos iphonesimulator";
				SUPPORTS_MACCATALYST = NO;
				SUPPORTS_MAC_DESIGNED_FOR_IPHONE_IPAD = NO;
				SUPPORTS_XR_DESIGNED_FOR_IPHONE_IPAD = NO;
				SWIFT_EMIT_LOC_STRINGS = YES;
				SWIFT_VERSION = 5.0;
				TARGETED_DEVICE_FAMILY = "1,2";
			};
			name = Debug;
		};
		D56F55592CC9947C00A3D0A4 /* Release */ = {
			isa = XCBuildConfiguration;
			buildSettings = {
				ASSETCATALOG_COMPILER_APPICON_NAME = AppIcon;
				ASSETCATALOG_COMPILER_GLOBAL_ACCENT_COLOR_NAME = AccentColor;
				CODE_SIGN_ENTITLEMENTS = "QuickCode iOS App Clip/QuickCode_iOS_App_Clip.entitlements";
				CODE_SIGN_STYLE = Automatic;
				CURRENT_PROJECT_VERSION = 9;
				DEVELOPMENT_ASSET_PATHS = "\"QuickCode iOS App Clip/Preview Content\"";
				DEVELOPMENT_TEAM = ZWASU9HFBU;
				ENABLE_PREVIEWS = YES;
				GENERATE_INFOPLIST_FILE = YES;
				INFOPLIST_FILE = "QuickCode iOS App Clip/Info.plist";
				INFOPLIST_KEY_CFBundleDisplayName = QuickCode;
				INFOPLIST_KEY_LSApplicationCategoryType = "public.app-category.developer-tools";
				INFOPLIST_KEY_UIApplicationSceneManifest_Generation = YES;
				INFOPLIST_KEY_UIApplicationSupportsIndirectInputEvents = YES;
				INFOPLIST_KEY_UILaunchScreen_Generation = YES;
				INFOPLIST_KEY_UISupportedInterfaceOrientations_iPad = "UIInterfaceOrientationPortrait UIInterfaceOrientationPortraitUpsideDown UIInterfaceOrientationLandscapeLeft UIInterfaceOrientationLandscapeRight";
				INFOPLIST_KEY_UISupportedInterfaceOrientations_iPhone = "UIInterfaceOrientationPortrait UIInterfaceOrientationLandscapeLeft UIInterfaceOrientationLandscapeRight";
				IPHONEOS_DEPLOYMENT_TARGET = 17.0;
				LD_RUNPATH_SEARCH_PATHS = (
					"$(inherited)",
					"@executable_path/Frameworks",
				);
				MARKETING_VERSION = 1.1;
				PRODUCT_BUNDLE_IDENTIFIER = com.MSJ.QuickCode.Clip;
				PRODUCT_NAME = "$(TARGET_NAME)";
				SDKROOT = iphoneos;
				SUPPORTED_PLATFORMS = "iphoneos iphonesimulator";
				SUPPORTS_MACCATALYST = NO;
				SUPPORTS_MAC_DESIGNED_FOR_IPHONE_IPAD = NO;
				SUPPORTS_XR_DESIGNED_FOR_IPHONE_IPAD = NO;
				SWIFT_EMIT_LOC_STRINGS = YES;
				SWIFT_VERSION = 5.0;
				TARGETED_DEVICE_FAMILY = "1,2";
				VALIDATE_PRODUCT = YES;
			};
			name = Release;
		};
		D596C7392BBACC20008D0E9A /* Debug */ = {
			isa = XCBuildConfiguration;
			buildSettings = {
				ALWAYS_SEARCH_USER_PATHS = NO;
				ASSETCATALOG_COMPILER_GENERATE_SWIFT_ASSET_SYMBOL_EXTENSIONS = YES;
				CLANG_ANALYZER_NONNULL = YES;
				CLANG_ANALYZER_NUMBER_OBJECT_CONVERSION = YES_AGGRESSIVE;
				CLANG_CXX_LANGUAGE_STANDARD = "gnu++20";
				CLANG_ENABLE_MODULES = YES;
				CLANG_ENABLE_OBJC_ARC = YES;
				CLANG_ENABLE_OBJC_WEAK = YES;
				CLANG_WARN_BLOCK_CAPTURE_AUTORELEASING = YES;
				CLANG_WARN_BOOL_CONVERSION = YES;
				CLANG_WARN_COMMA = YES;
				CLANG_WARN_CONSTANT_CONVERSION = YES;
				CLANG_WARN_DEPRECATED_OBJC_IMPLEMENTATIONS = YES;
				CLANG_WARN_DIRECT_OBJC_ISA_USAGE = YES_ERROR;
				CLANG_WARN_DOCUMENTATION_COMMENTS = YES;
				CLANG_WARN_EMPTY_BODY = YES;
				CLANG_WARN_ENUM_CONVERSION = YES;
				CLANG_WARN_INFINITE_RECURSION = YES;
				CLANG_WARN_INT_CONVERSION = YES;
				CLANG_WARN_NON_LITERAL_NULL_CONVERSION = YES;
				CLANG_WARN_OBJC_IMPLICIT_RETAIN_SELF = YES;
				CLANG_WARN_OBJC_LITERAL_CONVERSION = YES;
				CLANG_WARN_OBJC_ROOT_CLASS = YES_ERROR;
				CLANG_WARN_QUOTED_INCLUDE_IN_FRAMEWORK_HEADER = YES;
				CLANG_WARN_RANGE_LOOP_ANALYSIS = YES;
				CLANG_WARN_STRICT_PROTOTYPES = YES;
				CLANG_WARN_SUSPICIOUS_MOVE = YES;
				CLANG_WARN_UNGUARDED_AVAILABILITY = YES_AGGRESSIVE;
				CLANG_WARN_UNREACHABLE_CODE = YES;
				CLANG_WARN__DUPLICATE_METHOD_MATCH = YES;
				COPY_PHASE_STRIP = NO;
				DEAD_CODE_STRIPPING = YES;
				DEBUG_INFORMATION_FORMAT = dwarf;
				ENABLE_STRICT_OBJC_MSGSEND = YES;
				ENABLE_TESTABILITY = YES;
				ENABLE_USER_SCRIPT_SANDBOXING = YES;
				GCC_C_LANGUAGE_STANDARD = gnu17;
				GCC_DYNAMIC_NO_PIC = NO;
				GCC_NO_COMMON_BLOCKS = YES;
				GCC_OPTIMIZATION_LEVEL = 0;
				GCC_PREPROCESSOR_DEFINITIONS = (
					"DEBUG=1",
					"$(inherited)",
				);
				GCC_WARN_64_TO_32_BIT_CONVERSION = YES;
				GCC_WARN_ABOUT_RETURN_TYPE = YES_ERROR;
				GCC_WARN_UNDECLARED_SELECTOR = YES;
				GCC_WARN_UNINITIALIZED_AUTOS = YES_AGGRESSIVE;
				GCC_WARN_UNUSED_FUNCTION = YES;
				GCC_WARN_UNUSED_VARIABLE = YES;
				IPHONEOS_DEPLOYMENT_TARGET = 17.0;
				LOCALIZATION_PREFERS_STRING_CATALOGS = YES;
				MACOSX_DEPLOYMENT_TARGET = 14.0;
				MTL_ENABLE_DEBUG_INFO = INCLUDE_SOURCE;
				MTL_FAST_MATH = YES;
				ONLY_ACTIVE_ARCH = YES;
				SDKROOT = macosx;
				SWIFT_ACTIVE_COMPILATION_CONDITIONS = "DEBUG $(inherited)";
				SWIFT_OPTIMIZATION_LEVEL = "-Onone";
			};
			name = Debug;
		};
		D596C73A2BBACC20008D0E9A /* Release */ = {
			isa = XCBuildConfiguration;
			buildSettings = {
				ALWAYS_SEARCH_USER_PATHS = NO;
				ASSETCATALOG_COMPILER_GENERATE_SWIFT_ASSET_SYMBOL_EXTENSIONS = YES;
				CLANG_ANALYZER_NONNULL = YES;
				CLANG_ANALYZER_NUMBER_OBJECT_CONVERSION = YES_AGGRESSIVE;
				CLANG_CXX_LANGUAGE_STANDARD = "gnu++20";
				CLANG_ENABLE_MODULES = YES;
				CLANG_ENABLE_OBJC_ARC = YES;
				CLANG_ENABLE_OBJC_WEAK = YES;
				CLANG_WARN_BLOCK_CAPTURE_AUTORELEASING = YES;
				CLANG_WARN_BOOL_CONVERSION = YES;
				CLANG_WARN_COMMA = YES;
				CLANG_WARN_CONSTANT_CONVERSION = YES;
				CLANG_WARN_DEPRECATED_OBJC_IMPLEMENTATIONS = YES;
				CLANG_WARN_DIRECT_OBJC_ISA_USAGE = YES_ERROR;
				CLANG_WARN_DOCUMENTATION_COMMENTS = YES;
				CLANG_WARN_EMPTY_BODY = YES;
				CLANG_WARN_ENUM_CONVERSION = YES;
				CLANG_WARN_INFINITE_RECURSION = YES;
				CLANG_WARN_INT_CONVERSION = YES;
				CLANG_WARN_NON_LITERAL_NULL_CONVERSION = YES;
				CLANG_WARN_OBJC_IMPLICIT_RETAIN_SELF = YES;
				CLANG_WARN_OBJC_LITERAL_CONVERSION = YES;
				CLANG_WARN_OBJC_ROOT_CLASS = YES_ERROR;
				CLANG_WARN_QUOTED_INCLUDE_IN_FRAMEWORK_HEADER = YES;
				CLANG_WARN_RANGE_LOOP_ANALYSIS = YES;
				CLANG_WARN_STRICT_PROTOTYPES = YES;
				CLANG_WARN_SUSPICIOUS_MOVE = YES;
				CLANG_WARN_UNGUARDED_AVAILABILITY = YES_AGGRESSIVE;
				CLANG_WARN_UNREACHABLE_CODE = YES;
				CLANG_WARN__DUPLICATE_METHOD_MATCH = YES;
				COPY_PHASE_STRIP = NO;
				DEAD_CODE_STRIPPING = YES;
				DEBUG_INFORMATION_FORMAT = "dwarf-with-dsym";
				ENABLE_NS_ASSERTIONS = NO;
				ENABLE_STRICT_OBJC_MSGSEND = YES;
				ENABLE_USER_SCRIPT_SANDBOXING = YES;
				GCC_C_LANGUAGE_STANDARD = gnu17;
				GCC_NO_COMMON_BLOCKS = YES;
				GCC_WARN_64_TO_32_BIT_CONVERSION = YES;
				GCC_WARN_ABOUT_RETURN_TYPE = YES_ERROR;
				GCC_WARN_UNDECLARED_SELECTOR = YES;
				GCC_WARN_UNINITIALIZED_AUTOS = YES_AGGRESSIVE;
				GCC_WARN_UNUSED_FUNCTION = YES;
				GCC_WARN_UNUSED_VARIABLE = YES;
				IPHONEOS_DEPLOYMENT_TARGET = 17.0;
				LOCALIZATION_PREFERS_STRING_CATALOGS = YES;
				MACOSX_DEPLOYMENT_TARGET = 14.0;
				MTL_ENABLE_DEBUG_INFO = NO;
				MTL_FAST_MATH = YES;
				SDKROOT = macosx;
				SWIFT_COMPILATION_MODE = wholemodule;
			};
			name = Release;
		};
		D596C73C2BBACC20008D0E9A /* Debug */ = {
			isa = XCBuildConfiguration;
			buildSettings = {
				ASSETCATALOG_COMPILER_APPICON_NAME = AppIcon;
				ASSETCATALOG_COMPILER_GLOBAL_ACCENT_COLOR_NAME = AccentColor;
				CODE_SIGN_ENTITLEMENTS = QuickCode/QuickCode.entitlements;
				CODE_SIGN_STYLE = Automatic;
				COMBINE_HIDPI_IMAGES = YES;
				CURRENT_PROJECT_VERSION = 9;
				DEAD_CODE_STRIPPING = YES;
				DEVELOPMENT_ASSET_PATHS = "\"QuickCode/Preview Content\"";
				DEVELOPMENT_TEAM = ZWASU9HFBU;
				ENABLE_HARDENED_RUNTIME = YES;
				ENABLE_PREVIEWS = YES;
				GENERATE_INFOPLIST_FILE = YES;
				INFOPLIST_FILE = QuickCode/Info.plist;
				INFOPLIST_KEY_LSApplicationCategoryType = "public.app-category.developer-tools";
				INFOPLIST_KEY_NSHumanReadableCopyright = "© 2024 Mark Howard";
				LD_RUNPATH_SEARCH_PATHS = (
					"$(inherited)",
					"@executable_path/../Frameworks",
				);
				MARKETING_VERSION = 1.1;
				PRODUCT_BUNDLE_IDENTIFIER = com.MSJ.QuickCode;
				PRODUCT_NAME = "$(TARGET_NAME)";
				SWIFT_EMIT_LOC_STRINGS = YES;
				SWIFT_VERSION = 5.0;
			};
			name = Debug;
		};
		D596C73D2BBACC20008D0E9A /* Release */ = {
			isa = XCBuildConfiguration;
			buildSettings = {
				ASSETCATALOG_COMPILER_APPICON_NAME = AppIcon;
				ASSETCATALOG_COMPILER_GLOBAL_ACCENT_COLOR_NAME = AccentColor;
				CODE_SIGN_ENTITLEMENTS = QuickCode/QuickCode.entitlements;
				CODE_SIGN_STYLE = Automatic;
				COMBINE_HIDPI_IMAGES = YES;
				CURRENT_PROJECT_VERSION = 9;
				DEAD_CODE_STRIPPING = YES;
				DEVELOPMENT_ASSET_PATHS = "\"QuickCode/Preview Content\"";
				DEVELOPMENT_TEAM = ZWASU9HFBU;
				ENABLE_HARDENED_RUNTIME = YES;
				ENABLE_PREVIEWS = YES;
				GENERATE_INFOPLIST_FILE = YES;
				INFOPLIST_FILE = QuickCode/Info.plist;
				INFOPLIST_KEY_LSApplicationCategoryType = "public.app-category.developer-tools";
				INFOPLIST_KEY_NSHumanReadableCopyright = "© 2024 Mark Howard";
				LD_RUNPATH_SEARCH_PATHS = (
					"$(inherited)",
					"@executable_path/../Frameworks",
				);
				MARKETING_VERSION = 1.1;
				PRODUCT_BUNDLE_IDENTIFIER = com.MSJ.QuickCode;
				PRODUCT_NAME = "$(TARGET_NAME)";
				SWIFT_EMIT_LOC_STRINGS = YES;
				SWIFT_VERSION = 5.0;
			};
			name = Release;
		};
		D596C7512BBACCA1008D0E9A /* Debug */ = {
			isa = XCBuildConfiguration;
			buildSettings = {
				ASSETCATALOG_COMPILER_APPICON_NAME = AppIcon;
				ASSETCATALOG_COMPILER_GLOBAL_ACCENT_COLOR_NAME = AccentColor;
				CODE_SIGN_STYLE = Automatic;
				CURRENT_PROJECT_VERSION = 9;
				DEVELOPMENT_ASSET_PATHS = "\"QuickCode iOS/Preview Content\"";
				DEVELOPMENT_TEAM = ZWASU9HFBU;
				ENABLE_PREVIEWS = YES;
				GENERATE_INFOPLIST_FILE = YES;
				INFOPLIST_FILE = "QuickCode iOS/Info.plist";
				INFOPLIST_KEY_CFBundleDisplayName = QuickCode;
				INFOPLIST_KEY_LSApplicationCategoryType = "public.app-category.developer-tools";
				INFOPLIST_KEY_NSHumanReadableCopyright = "© 2024 Mark Howard";
				INFOPLIST_KEY_UIApplicationSceneManifest_Generation = YES;
				INFOPLIST_KEY_UIApplicationSupportsIndirectInputEvents = YES;
				INFOPLIST_KEY_UILaunchScreen_Generation = YES;
				INFOPLIST_KEY_UISupportedInterfaceOrientations_iPad = "UIInterfaceOrientationPortrait UIInterfaceOrientationPortraitUpsideDown UIInterfaceOrientationLandscapeLeft UIInterfaceOrientationLandscapeRight";
				INFOPLIST_KEY_UISupportedInterfaceOrientations_iPhone = "UIInterfaceOrientationPortrait UIInterfaceOrientationLandscapeLeft UIInterfaceOrientationLandscapeRight";
				INFOPLIST_KEY_UISupportsDocumentBrowser = YES;
				IPHONEOS_DEPLOYMENT_TARGET = 17.0;
				LD_RUNPATH_SEARCH_PATHS = (
					"$(inherited)",
					"@executable_path/Frameworks",
				);
				MARKETING_VERSION = 1.1;
				PRODUCT_BUNDLE_IDENTIFIER = com.MSJ.QuickCode;
				PRODUCT_NAME = "$(TARGET_NAME)";
				SDKROOT = iphoneos;
				SUPPORTED_PLATFORMS = "iphoneos iphonesimulator";
				SUPPORTS_MACCATALYST = NO;
				SUPPORTS_MAC_DESIGNED_FOR_IPHONE_IPAD = NO;
				SUPPORTS_XR_DESIGNED_FOR_IPHONE_IPAD = NO;
				SWIFT_EMIT_LOC_STRINGS = YES;
				SWIFT_VERSION = 5.0;
				TARGETED_DEVICE_FAMILY = "1,2";
			};
			name = Debug;
		};
		D596C7522BBACCA1008D0E9A /* Release */ = {
			isa = XCBuildConfiguration;
			buildSettings = {
				ASSETCATALOG_COMPILER_APPICON_NAME = AppIcon;
				ASSETCATALOG_COMPILER_GLOBAL_ACCENT_COLOR_NAME = AccentColor;
				CODE_SIGN_STYLE = Automatic;
				CURRENT_PROJECT_VERSION = 9;
				DEVELOPMENT_ASSET_PATHS = "\"QuickCode iOS/Preview Content\"";
				DEVELOPMENT_TEAM = ZWASU9HFBU;
				ENABLE_PREVIEWS = YES;
				GENERATE_INFOPLIST_FILE = YES;
				INFOPLIST_FILE = "QuickCode iOS/Info.plist";
				INFOPLIST_KEY_CFBundleDisplayName = QuickCode;
				INFOPLIST_KEY_LSApplicationCategoryType = "public.app-category.developer-tools";
				INFOPLIST_KEY_NSHumanReadableCopyright = "© 2024 Mark Howard";
				INFOPLIST_KEY_UIApplicationSceneManifest_Generation = YES;
				INFOPLIST_KEY_UIApplicationSupportsIndirectInputEvents = YES;
				INFOPLIST_KEY_UILaunchScreen_Generation = YES;
				INFOPLIST_KEY_UISupportedInterfaceOrientations_iPad = "UIInterfaceOrientationPortrait UIInterfaceOrientationPortraitUpsideDown UIInterfaceOrientationLandscapeLeft UIInterfaceOrientationLandscapeRight";
				INFOPLIST_KEY_UISupportedInterfaceOrientations_iPhone = "UIInterfaceOrientationPortrait UIInterfaceOrientationLandscapeLeft UIInterfaceOrientationLandscapeRight";
				INFOPLIST_KEY_UISupportsDocumentBrowser = YES;
				IPHONEOS_DEPLOYMENT_TARGET = 17.0;
				LD_RUNPATH_SEARCH_PATHS = (
					"$(inherited)",
					"@executable_path/Frameworks",
				);
				MARKETING_VERSION = 1.1;
				PRODUCT_BUNDLE_IDENTIFIER = com.MSJ.QuickCode;
				PRODUCT_NAME = "$(TARGET_NAME)";
				SDKROOT = iphoneos;
				SUPPORTED_PLATFORMS = "iphoneos iphonesimulator";
				SUPPORTS_MACCATALYST = NO;
				SUPPORTS_MAC_DESIGNED_FOR_IPHONE_IPAD = NO;
				SUPPORTS_XR_DESIGNED_FOR_IPHONE_IPAD = NO;
				SWIFT_EMIT_LOC_STRINGS = YES;
				SWIFT_VERSION = 5.0;
				TARGETED_DEVICE_FAMILY = "1,2";
				VALIDATE_PRODUCT = YES;
			};
			name = Release;
		};
/* End XCBuildConfiguration section */

/* Begin XCConfigurationList section */
		D56F55572CC9947C00A3D0A4 /* Build configuration list for PBXNativeTarget "QuickCode iOS App Clip" */ = {
			isa = XCConfigurationList;
			buildConfigurations = (
				D56F55582CC9947C00A3D0A4 /* Debug */,
				D56F55592CC9947C00A3D0A4 /* Release */,
			);
			defaultConfigurationIsVisible = 0;
			defaultConfigurationName = Release;
		};
		D596C7242BBACC1E008D0E9A /* Build configuration list for PBXProject "QuickCode" */ = {
			isa = XCConfigurationList;
			buildConfigurations = (
				D596C7392BBACC20008D0E9A /* Debug */,
				D596C73A2BBACC20008D0E9A /* Release */,
			);
			defaultConfigurationIsVisible = 0;
			defaultConfigurationName = Release;
		};
		D596C73B2BBACC20008D0E9A /* Build configuration list for PBXNativeTarget "QuickCode" */ = {
			isa = XCConfigurationList;
			buildConfigurations = (
				D596C73C2BBACC20008D0E9A /* Debug */,
				D596C73D2BBACC20008D0E9A /* Release */,
			);
			defaultConfigurationIsVisible = 0;
			defaultConfigurationName = Release;
		};
		D596C7502BBACCA1008D0E9A /* Build configuration list for PBXNativeTarget "QuickCode iOS" */ = {
			isa = XCConfigurationList;
			buildConfigurations = (
				D596C7512BBACCA1008D0E9A /* Debug */,
				D596C7522BBACCA1008D0E9A /* Release */,
			);
			defaultConfigurationIsVisible = 0;
			defaultConfigurationName = Release;
		};
/* End XCConfigurationList section */

/* Begin XCRemoteSwiftPackageReference section */
		D56F55A02CCED29F00A3D0A4 /* XCRemoteSwiftPackageReference "SwiftUIKit" */ = {
			isa = XCRemoteSwiftPackageReference;
			repositoryURL = "https://github.com/danielsaidi/SwiftUIKit.git";
			requirement = {
				kind = upToNextMajorVersion;
				minimumVersion = 5.0.0;
			};
		};
		D56F55A12CCED2C300A3D0A4 /* XCRemoteSwiftPackageReference "StoreKitPlus" */ = {
			isa = XCRemoteSwiftPackageReference;
			repositoryURL = "https://github.com/danielsaidi/StoreKitPlus.git";
			requirement = {
				kind = upToNextMajorVersion;
				minimumVersion = 0.4.0;
			};
		};
		D56F55A22CCED39D00A3D0A4 /* XCRemoteSwiftPackageReference "PrintingKit" */ = {
			isa = XCRemoteSwiftPackageReference;
			repositoryURL = "https://github.com/danielsaidi/PrintingKit.git";
			requirement = {
				kind = upToNextMajorVersion;
				minimumVersion = 0.6.0;
			};
		};
		D56F55A32CCEFE0A00A3D0A4 /* XCRemoteSwiftPackageReference "CodeMirror-SwiftUI" */ = {
			isa = XCRemoteSwiftPackageReference;
			repositoryURL = "https://github.com/markydoodled/CodeMirror-SwiftUI.git";
			requirement = {
				branch = master;
				kind = branch;
			};
		};
/* End XCRemoteSwiftPackageReference section */

/* Begin XCSwiftPackageProductDependency section */
		D56F55A42CCEFE0A00A3D0A4 /* CodeMirror-SwiftUI */ = {
			isa = XCSwiftPackageProductDependency;
			package = D56F55A32CCEFE0A00A3D0A4 /* XCRemoteSwiftPackageReference "CodeMirror-SwiftUI" */;
			productName = "CodeMirror-SwiftUI";
		};
		D56F55A72CCEFE2900A3D0A4 /* CodeMirror-SwiftUI */ = {
			isa = XCSwiftPackageProductDependency;
			package = D56F55A32CCEFE0A00A3D0A4 /* XCRemoteSwiftPackageReference "CodeMirror-SwiftUI" */;
			productName = "CodeMirror-SwiftUI";
		};
		D56F55AA2CCEFE3100A3D0A4 /* CodeMirror-SwiftUI */ = {
			isa = XCSwiftPackageProductDependency;
			package = D56F55A32CCEFE0A00A3D0A4 /* XCRemoteSwiftPackageReference "CodeMirror-SwiftUI" */;
			productName = "CodeMirror-SwiftUI";
		};
/* End XCSwiftPackageProductDependency section */
	};
	rootObject = D596C7212BBACC1E008D0E9A /* Project object */;
}
