// !$*UTF8*$!
{
	archiveVersion = 1;
	classes = {
	};
	objectVersion = 56;
	objects = {

/* Begin PBXBuildFile section */
		D596C72D2BBACC1E008D0E9A /* QuickCodeApp.swift in Sources */ = {isa = PBXBuildFile; fileRef = D596C72C2BBACC1E008D0E9A /* QuickCodeApp.swift */; };
		D596C72F2BBACC1E008D0E9A /* QuickCodeDocument.swift in Sources */ = {isa = PBXBuildFile; fileRef = D596C72E2BBACC1E008D0E9A /* QuickCodeDocument.swift */; };
		D596C7312BBACC1E008D0E9A /* ContentView.swift in Sources */ = {isa = PBXBuildFile; fileRef = D596C7302BBACC1E008D0E9A /* ContentView.swift */; };
		D596C7332BBACC20008D0E9A /* Assets.xcassets in Resources */ = {isa = PBXBuildFile; fileRef = D596C7322BBACC20008D0E9A /* Assets.xcassets */; };
		D596C7362BBACC20008D0E9A /* Preview Assets.xcassets in Resources */ = {isa = PBXBuildFile; fileRef = D596C7352BBACC20008D0E9A /* Preview Assets.xcassets */; };
		D596C7452BBACC9F008D0E9A /* QuickCode_iOSApp.swift in Sources */ = {isa = PBXBuildFile; fileRef = D596C7442BBACC9F008D0E9A /* QuickCode_iOSApp.swift */; };
		D596C7472BBACC9F008D0E9A /* QuickCode_iOSDocument.swift in Sources */ = {isa = PBXBuildFile; fileRef = D596C7462BBACC9F008D0E9A /* QuickCode_iOSDocument.swift */; };
		D596C7492BBACC9F008D0E9A /* ContentView.swift in Sources */ = {isa = PBXBuildFile; fileRef = D596C7482BBACC9F008D0E9A /* ContentView.swift */; };
		D596C74B2BBACCA1008D0E9A /* Assets.xcassets in Resources */ = {isa = PBXBuildFile; fileRef = D596C74A2BBACCA1008D0E9A /* Assets.xcassets */; };
		D596C74E2BBACCA1008D0E9A /* Preview Assets.xcassets in Resources */ = {isa = PBXBuildFile; fileRef = D596C74D2BBACCA1008D0E9A /* Preview Assets.xcassets */; };
/* End PBXBuildFile section */

/* Begin PBXFileReference section */
		D596C7292BBACC1E008D0E9A /* QuickCode.app */ = {isa = PBXFileReference; explicitFileType = wrapper.application; includeInIndex = 0; path = QuickCode.app; sourceTree = BUILT_PRODUCTS_DIR; };
		D596C72C2BBACC1E008D0E9A /* QuickCodeApp.swift */ = {isa = PBXFileReference; lastKnownFileType = sourcecode.swift; path = QuickCodeApp.swift; sourceTree = "<group>"; };
		D596C72E2BBACC1E008D0E9A /* QuickCodeDocument.swift */ = {isa = PBXFileReference; lastKnownFileType = sourcecode.swift; path = QuickCodeDocument.swift; sourceTree = "<group>"; };
		D596C7302BBACC1E008D0E9A /* ContentView.swift */ = {isa = PBXFileReference; lastKnownFileType = sourcecode.swift; path = ContentView.swift; sourceTree = "<group>"; };
		D596C7322BBACC20008D0E9A /* Assets.xcassets */ = {isa = PBXFileReference; lastKnownFileType = folder.assetcatalog; path = Assets.xcassets; sourceTree = "<group>"; };
		D596C7352BBACC20008D0E9A /* Preview Assets.xcassets */ = {isa = PBXFileReference; lastKnownFileType = folder.assetcatalog; path = "Preview Assets.xcassets"; sourceTree = "<group>"; };
		D596C7372BBACC20008D0E9A /* Info.plist */ = {isa = PBXFileReference; lastKnownFileType = text.plist.xml; path = Info.plist; sourceTree = "<group>"; };
		D596C7382BBACC20008D0E9A /* QuickCode.entitlements */ = {isa = PBXFileReference; lastKnownFileType = text.plist.entitlements; path = QuickCode.entitlements; sourceTree = "<group>"; };
		D596C7422BBACC9F008D0E9A /* QuickCode iOS.app */ = {isa = PBXFileReference; explicitFileType = wrapper.application; includeInIndex = 0; path = "QuickCode iOS.app"; sourceTree = BUILT_PRODUCTS_DIR; };
		D596C7442BBACC9F008D0E9A /* QuickCode_iOSApp.swift */ = {isa = PBXFileReference; lastKnownFileType = sourcecode.swift; path = QuickCode_iOSApp.swift; sourceTree = "<group>"; };
		D596C7462BBACC9F008D0E9A /* QuickCode_iOSDocument.swift */ = {isa = PBXFileReference; lastKnownFileType = sourcecode.swift; path = QuickCode_iOSDocument.swift; sourceTree = "<group>"; };
		D596C7482BBACC9F008D0E9A /* ContentView.swift */ = {isa = PBXFileReference; lastKnownFileType = sourcecode.swift; path = ContentView.swift; sourceTree = "<group>"; };
		D596C74A2BBACCA1008D0E9A /* Assets.xcassets */ = {isa = PBXFileReference; lastKnownFileType = folder.assetcatalog; path = Assets.xcassets; sourceTree = "<group>"; };
		D596C74D2BBACCA1008D0E9A /* Preview Assets.xcassets */ = {isa = PBXFileReference; lastKnownFileType = folder.assetcatalog; path = "Preview Assets.xcassets"; sourceTree = "<group>"; };
		D596C74F2BBACCA1008D0E9A /* Info.plist */ = {isa = PBXFileReference; lastKnownFileType = text.plist.xml; path = Info.plist; sourceTree = "<group>"; };
/* End PBXFileReference section */

/* Begin PBXFrameworksBuildPhase section */
		D596C7262BBACC1E008D0E9A /* Frameworks */ = {
			isa = PBXFrameworksBuildPhase;
			buildActionMask = 2147483647;
			files = (
			);
			runOnlyForDeploymentPostprocessing = 0;
		};
		D596C73F2BBACC9F008D0E9A /* Frameworks */ = {
			isa = PBXFrameworksBuildPhase;
			buildActionMask = 2147483647;
			files = (
			);
			runOnlyForDeploymentPostprocessing = 0;
		};
/* End PBXFrameworksBuildPhase section */

/* Begin PBXGroup section */
		D596C7202BBACC1E008D0E9A = {
			isa = PBXGroup;
			children = (
				D596C72B2BBACC1E008D0E9A /* QuickCode */,
				D596C7432BBACC9F008D0E9A /* QuickCode iOS */,
				D596C72A2BBACC1E008D0E9A /* Products */,
			);
			sourceTree = "<group>";
		};
		D596C72A2BBACC1E008D0E9A /* Products */ = {
			isa = PBXGroup;
			children = (
				D596C7292BBACC1E008D0E9A /* QuickCode.app */,
				D596C7422BBACC9F008D0E9A /* QuickCode iOS.app */,
			);
			name = Products;
			sourceTree = "<group>";
		};
		D596C72B2BBACC1E008D0E9A /* QuickCode */ = {
			isa = PBXGroup;
			children = (
				D596C72C2BBACC1E008D0E9A /* QuickCodeApp.swift */,
				D596C72E2BBACC1E008D0E9A /* QuickCodeDocument.swift */,
				D596C7302BBACC1E008D0E9A /* ContentView.swift */,
				D596C7322BBACC20008D0E9A /* Assets.xcassets */,
				D596C7372BBACC20008D0E9A /* Info.plist */,
				D596C7382BBACC20008D0E9A /* QuickCode.entitlements */,
				D596C7342BBACC20008D0E9A /* Preview Content */,
			);
			path = QuickCode;
			sourceTree = "<group>";
		};
		D596C7342BBACC20008D0E9A /* Preview Content */ = {
			isa = PBXGroup;
			children = (
				D596C7352BBACC20008D0E9A /* Preview Assets.xcassets */,
			);
			path = "Preview Content";
			sourceTree = "<group>";
		};
		D596C7432BBACC9F008D0E9A /* QuickCode iOS */ = {
			isa = PBXGroup;
			children = (
				D596C7442BBACC9F008D0E9A /* QuickCode_iOSApp.swift */,
				D596C7462BBACC9F008D0E9A /* QuickCode_iOSDocument.swift */,
				D596C7482BBACC9F008D0E9A /* ContentView.swift */,
				D596C74A2BBACCA1008D0E9A /* Assets.xcassets */,
				D596C74F2BBACCA1008D0E9A /* Info.plist */,
				D596C74C2BBACCA1008D0E9A /* Preview Content */,
			);
			path = "QuickCode iOS";
			sourceTree = "<group>";
		};
		D596C74C2BBACCA1008D0E9A /* Preview Content */ = {
			isa = PBXGroup;
			children = (
				D596C74D2BBACCA1008D0E9A /* Preview Assets.xcassets */,
			);
			path = "Preview Content";
			sourceTree = "<group>";
		};
/* End PBXGroup section */

/* Begin PBXNativeTarget section */
		D596C7282BBACC1E008D0E9A /* QuickCode */ = {
			isa = PBXNativeTarget;
			buildConfigurationList = D596C73B2BBACC20008D0E9A /* Build configuration list for PBXNativeTarget "QuickCode" */;
			buildPhases = (
				D596C7252BBACC1E008D0E9A /* Sources */,
				D596C7262BBACC1E008D0E9A /* Frameworks */,
				D596C7272BBACC1E008D0E9A /* Resources */,
			);
			buildRules = (
			);
			dependencies = (
			);
			name = QuickCode;
			productName = QuickCode;
			productReference = D596C7292BBACC1E008D0E9A /* QuickCode.app */;
			productType = "com.apple.product-type.application";
		};
		D596C7412BBACC9F008D0E9A /* QuickCode iOS */ = {
			isa = PBXNativeTarget;
			buildConfigurationList = D596C7502BBACCA1008D0E9A /* Build configuration list for PBXNativeTarget "QuickCode iOS" */;
			buildPhases = (
				D596C73E2BBACC9F008D0E9A /* Sources */,
				D596C73F2BBACC9F008D0E9A /* Frameworks */,
				D596C7402BBACC9F008D0E9A /* Resources */,
			);
			buildRules = (
			);
			dependencies = (
			);
			name = "QuickCode iOS";
			productName = "QuickCode iOS";
			productReference = D596C7422BBACC9F008D0E9A /* QuickCode iOS.app */;
			productType = "com.apple.product-type.application";
		};
/* End PBXNativeTarget section */

/* Begin PBXProject section */
		D596C7212BBACC1E008D0E9A /* Project object */ = {
			isa = PBXProject;
			attributes = {
				BuildIndependentTargetsInParallel = 1;
				LastSwiftUpdateCheck = 1530;
				LastUpgradeCheck = 1530;
				TargetAttributes = {
					D596C7282BBACC1E008D0E9A = {
						CreatedOnToolsVersion = 15.3;
					};
					D596C7412BBACC9F008D0E9A = {
						CreatedOnToolsVersion = 15.3;
					};
				};
			};
			buildConfigurationList = D596C7242BBACC1E008D0E9A /* Build configuration list for PBXProject "QuickCode" */;
			compatibilityVersion = "Xcode 14.0";
			developmentRegion = en;
			hasScannedForEncodings = 0;
			knownRegions = (
				en,
				Base,
			);
			mainGroup = D596C7202BBACC1E008D0E9A;
			productRefGroup = D596C72A2BBACC1E008D0E9A /* Products */;
			projectDirPath = "";
			projectRoot = "";
			targets = (
				D596C7282BBACC1E008D0E9A /* QuickCode */,
				D596C7412BBACC9F008D0E9A /* QuickCode iOS */,
			);
		};
/* End PBXProject section */

/* Begin PBXResourcesBuildPhase section */
		D596C7272BBACC1E008D0E9A /* Resources */ = {
			isa = PBXResourcesBuildPhase;
			buildActionMask = 2147483647;
			files = (
				D596C7362BBACC20008D0E9A /* Preview Assets.xcassets in Resources */,
				D596C7332BBACC20008D0E9A /* Assets.xcassets in Resources */,
			);
			runOnlyForDeploymentPostprocessing = 0;
		};
		D596C7402BBACC9F008D0E9A /* Resources */ = {
			isa = PBXResourcesBuildPhase;
			buildActionMask = 2147483647;
			files = (
				D596C74E2BBACCA1008D0E9A /* Preview Assets.xcassets in Resources */,
				D596C74B2BBACCA1008D0E9A /* Assets.xcassets in Resources */,
			);
			runOnlyForDeploymentPostprocessing = 0;
		};
/* End PBXResourcesBuildPhase section */

/* Begin PBXSourcesBuildPhase section */
		D596C7252BBACC1E008D0E9A /* Sources */ = {
			isa = PBXSourcesBuildPhase;
			buildActionMask = 2147483647;
			files = (
				D596C72D2BBACC1E008D0E9A /* QuickCodeApp.swift in Sources */,
				D596C72F2BBACC1E008D0E9A /* QuickCodeDocument.swift in Sources */,
				D596C7312BBACC1E008D0E9A /* ContentView.swift in Sources */,
			);
			runOnlyForDeploymentPostprocessing = 0;
		};
		D596C73E2BBACC9F008D0E9A /* Sources */ = {
			isa = PBXSourcesBuildPhase;
			buildActionMask = 2147483647;
			files = (
				D596C7452BBACC9F008D0E9A /* QuickCode_iOSApp.swift in Sources */,
				D596C7472BBACC9F008D0E9A /* QuickCode_iOSDocument.swift in Sources */,
				D596C7492BBACC9F008D0E9A /* ContentView.swift in Sources */,
			);
			runOnlyForDeploymentPostprocessing = 0;
		};
/* End PBXSourcesBuildPhase section */

/* Begin XCBuildConfiguration section */
		D596C7392BBACC20008D0E9A /* Debug */ = {
			isa = XCBuildConfiguration;
			buildSettings = {
				ALWAYS_SEARCH_USER_PATHS = NO;
				ASSETCATALOG_COMPILER_GENERATE_SWIFT_ASSET_SYMBOL_EXTENSIONS = YES;
				CLANG_ANALYZER_NONNULL = YES;
				CLANG_ANALYZER_NUMBER_OBJECT_CONVERSION = YES_AGGRESSIVE;
				CLANG_CXX_LANGUAGE_STANDARD = "gnu++20";
				CLANG_ENABLE_MODULES = YES;
				CLANG_ENABLE_OBJC_ARC = YES;
				CLANG_ENABLE_OBJC_WEAK = YES;
				CLANG_WARN_BLOCK_CAPTURE_AUTORELEASING = YES;
				CLANG_WARN_BOOL_CONVERSION = YES;
				CLANG_WARN_COMMA = YES;
				CLANG_WARN_CONSTANT_CONVERSION = YES;
				CLANG_WARN_DEPRECATED_OBJC_IMPLEMENTATIONS = YES;
				CLANG_WARN_DIRECT_OBJC_ISA_USAGE = YES_ERROR;
				CLANG_WARN_DOCUMENTATION_COMMENTS = YES;
				CLANG_WARN_EMPTY_BODY = YES;
				CLANG_WARN_ENUM_CONVERSION = YES;
				CLANG_WARN_INFINITE_RECURSION = YES;
				CLANG_WARN_INT_CONVERSION = YES;
				CLANG_WARN_NON_LITERAL_NULL_CONVERSION = YES;
				CLANG_WARN_OBJC_IMPLICIT_RETAIN_SELF = YES;
				CLANG_WARN_OBJC_LITERAL_CONVERSION = YES;
				CLANG_WARN_OBJC_ROOT_CLASS = YES_ERROR;
				CLANG_WARN_QUOTED_INCLUDE_IN_FRAMEWORK_HEADER = YES;
				CLANG_WARN_RANGE_LOOP_ANALYSIS = YES;
				CLANG_WARN_STRICT_PROTOTYPES = YES;
				CLANG_WARN_SUSPICIOUS_MOVE = YES;
				CLANG_WARN_UNGUARDED_AVAILABILITY = YES_AGGRESSIVE;
				CLANG_WARN_UNREACHABLE_CODE = YES;
				CLANG_WARN__DUPLICATE_METHOD_MATCH = YES;
				COPY_PHASE_STRIP = NO;
				DEBUG_INFORMATION_FORMAT = dwarf;
				ENABLE_STRICT_OBJC_MSGSEND = YES;
				ENABLE_TESTABILITY = YES;
				ENABLE_USER_SCRIPT_SANDBOXING = YES;
				GCC_C_LANGUAGE_STANDARD = gnu17;
				GCC_DYNAMIC_NO_PIC = NO;
				GCC_NO_COMMON_BLOCKS = YES;
				GCC_OPTIMIZATION_LEVEL = 0;
				GCC_PREPROCESSOR_DEFINITIONS = (
					"DEBUG=1",
					"$(inherited)",
				);
				GCC_WARN_64_TO_32_BIT_CONVERSION = YES;
				GCC_WARN_ABOUT_RETURN_TYPE = YES_ERROR;
				GCC_WARN_UNDECLARED_SELECTOR = YES;
				GCC_WARN_UNINITIALIZED_AUTOS = YES_AGGRESSIVE;
				GCC_WARN_UNUSED_FUNCTION = YES;
				GCC_WARN_UNUSED_VARIABLE = YES;
				LOCALIZATION_PREFERS_STRING_CATALOGS = YES;
				MACOSX_DEPLOYMENT_TARGET = 14.0;
				MTL_ENABLE_DEBUG_INFO = INCLUDE_SOURCE;
				MTL_FAST_MATH = YES;
				ONLY_ACTIVE_ARCH = YES;
				SDKROOT = macosx;
				SWIFT_ACTIVE_COMPILATION_CONDITIONS = "DEBUG $(inherited)";
				SWIFT_OPTIMIZATION_LEVEL = "-Onone";
			};
			name = Debug;
		};
		D596C73A2BBACC20008D0E9A /* Release */ = {
			isa = XCBuildConfiguration;
			buildSettings = {
				ALWAYS_SEARCH_USER_PATHS = NO;
				ASSETCATALOG_COMPILER_GENERATE_SWIFT_ASSET_SYMBOL_EXTENSIONS = YES;
				CLANG_ANALYZER_NONNULL = YES;
				CLANG_ANALYZER_NUMBER_OBJECT_CONVERSION = YES_AGGRESSIVE;
				CLANG_CXX_LANGUAGE_STANDARD = "gnu++20";
				CLANG_ENABLE_MODULES = YES;
				CLANG_ENABLE_OBJC_ARC = YES;
				CLANG_ENABLE_OBJC_WEAK = YES;
				CLANG_WARN_BLOCK_CAPTURE_AUTORELEASING = YES;
				CLANG_WARN_BOOL_CONVERSION = YES;
				CLANG_WARN_COMMA = YES;
				CLANG_WARN_CONSTANT_CONVERSION = YES;
				CLANG_WARN_DEPRECATED_OBJC_IMPLEMENTATIONS = YES;
				CLANG_WARN_DIRECT_OBJC_ISA_USAGE = YES_ERROR;
				CLANG_WARN_DOCUMENTATION_COMMENTS = YES;
				CLANG_WARN_EMPTY_BODY = YES;
				CLANG_WARN_ENUM_CONVERSION = YES;
				CLANG_WARN_INFINITE_RECURSION = YES;
				CLANG_WARN_INT_CONVERSION = YES;
				CLANG_WARN_NON_LITERAL_NULL_CONVERSION = YES;
				CLANG_WARN_OBJC_IMPLICIT_RETAIN_SELF = YES;
				CLANG_WARN_OBJC_LITERAL_CONVERSION = YES;
				CLANG_WARN_OBJC_ROOT_CLASS = YES_ERROR;
				CLANG_WARN_QUOTED_INCLUDE_IN_FRAMEWORK_HEADER = YES;
				CLANG_WARN_RANGE_LOOP_ANALYSIS = YES;
				CLANG_WARN_STRICT_PROTOTYPES = YES;
				CLANG_WARN_SUSPICIOUS_MOVE = YES;
				CLANG_WARN_UNGUARDED_AVAILABILITY = YES_AGGRESSIVE;
				CLANG_WARN_UNREACHABLE_CODE = YES;
				CLANG_WARN__DUPLICATE_METHOD_MATCH = YES;
				COPY_PHASE_STRIP = NO;
				DEBUG_INFORMATION_FORMAT = "dwarf-with-dsym";
				ENABLE_NS_ASSERTIONS = NO;
				ENABLE_STRICT_OBJC_MSGSEND = YES;
				ENABLE_USER_SCRIPT_SANDBOXING = YES;
				GCC_C_LANGUAGE_STANDARD = gnu17;
				GCC_NO_COMMON_BLOCKS = YES;
				GCC_WARN_64_TO_32_BIT_CONVERSION = YES;
				GCC_WARN_ABOUT_RETURN_TYPE = YES_ERROR;
				GCC_WARN_UNDECLARED_SELECTOR = YES;
				GCC_WARN_UNINITIALIZED_AUTOS = YES_AGGRESSIVE;
				GCC_WARN_UNUSED_FUNCTION = YES;
				GCC_WARN_UNUSED_VARIABLE = YES;
				LOCALIZATION_PREFERS_STRING_CATALOGS = YES;
				MACOSX_DEPLOYMENT_TARGET = 14.0;
				MTL_ENABLE_DEBUG_INFO = NO;
				MTL_FAST_MATH = YES;
				SDKROOT = macosx;
				SWIFT_COMPILATION_MODE = wholemodule;
			};
			name = Release;
		};
		D596C73C2BBACC20008D0E9A /* Debug */ = {
			isa = XCBuildConfiguration;
			buildSettings = {
				ASSETCATALOG_COMPILER_APPICON_NAME = AppIcon;
				ASSETCATALOG_COMPILER_GLOBAL_ACCENT_COLOR_NAME = AccentColor;
				CODE_SIGN_ENTITLEMENTS = QuickCode/QuickCode.entitlements;
				CODE_SIGN_STYLE = Automatic;
				COMBINE_HIDPI_IMAGES = YES;
				CURRENT_PROJECT_VERSION = 1;
				DEVELOPMENT_ASSET_PATHS = "\"QuickCode/Preview Content\"";
				DEVELOPMENT_TEAM = ZWASU9HFBU;
				ENABLE_HARDENED_RUNTIME = YES;
				ENABLE_PREVIEWS = YES;
				GENERATE_INFOPLIST_FILE = YES;
				INFOPLIST_FILE = QuickCode/Info.plist;
				INFOPLIST_KEY_LSApplicationCategoryType = "public.app-category.developer-tools";
				INFOPLIST_KEY_NSHumanReadableCopyright = "";
				LD_RUNPATH_SEARCH_PATHS = (
					"$(inherited)",
					"@executable_path/../Frameworks",
				);
				MARKETING_VERSION = 1.0;
				PRODUCT_BUNDLE_IDENTIFIER = com.MSJ.QuickCode;
				PRODUCT_NAME = "$(TARGET_NAME)";
				SWIFT_EMIT_LOC_STRINGS = YES;
				SWIFT_VERSION = 5.0;
			};
			name = Debug;
		};
		D596C73D2BBACC20008D0E9A /* Release */ = {
			isa = XCBuildConfiguration;
			buildSettings = {
				ASSETCATALOG_COMPILER_APPICON_NAME = AppIcon;
				ASSETCATALOG_COMPILER_GLOBAL_ACCENT_COLOR_NAME = AccentColor;
				CODE_SIGN_ENTITLEMENTS = QuickCode/QuickCode.entitlements;
				CODE_SIGN_STYLE = Automatic;
				COMBINE_HIDPI_IMAGES = YES;
				CURRENT_PROJECT_VERSION = 1;
				DEVELOPMENT_ASSET_PATHS = "\"QuickCode/Preview Content\"";
				DEVELOPMENT_TEAM = ZWASU9HFBU;
				ENABLE_HARDENED_RUNTIME = YES;
				ENABLE_PREVIEWS = YES;
				GENERATE_INFOPLIST_FILE = YES;
				INFOPLIST_FILE = QuickCode/Info.plist;
				INFOPLIST_KEY_LSApplicationCategoryType = "public.app-category.developer-tools";
				INFOPLIST_KEY_NSHumanReadableCopyright = "";
				LD_RUNPATH_SEARCH_PATHS = (
					"$(inherited)",
					"@executable_path/../Frameworks",
				);
				MARKETING_VERSION = 1.0;
				PRODUCT_BUNDLE_IDENTIFIER = com.MSJ.QuickCode;
				PRODUCT_NAME = "$(TARGET_NAME)";
				SWIFT_EMIT_LOC_STRINGS = YES;
				SWIFT_VERSION = 5.0;
			};
			name = Release;
		};
		D596C7512BBACCA1008D0E9A /* Debug */ = {
			isa = XCBuildConfiguration;
			buildSettings = {
				ASSETCATALOG_COMPILER_APPICON_NAME = AppIcon;
				ASSETCATALOG_COMPILER_GLOBAL_ACCENT_COLOR_NAME = AccentColor;
				CODE_SIGN_STYLE = Automatic;
				CURRENT_PROJECT_VERSION = 1;
				DEVELOPMENT_ASSET_PATHS = "\"QuickCode iOS/Preview Content\"";
				DEVELOPMENT_TEAM = ZWASU9HFBU;
				ENABLE_PREVIEWS = YES;
				GENERATE_INFOPLIST_FILE = YES;
				INFOPLIST_FILE = "QuickCode iOS/Info.plist";
				INFOPLIST_KEY_UIApplicationSceneManifest_Generation = YES;
				INFOPLIST_KEY_UIApplicationSupportsIndirectInputEvents = YES;
				INFOPLIST_KEY_UILaunchScreen_Generation = YES;
				INFOPLIST_KEY_UISupportedInterfaceOrientations_iPad = "UIInterfaceOrientationPortrait UIInterfaceOrientationPortraitUpsideDown UIInterfaceOrientationLandscapeLeft UIInterfaceOrientationLandscapeRight";
				INFOPLIST_KEY_UISupportedInterfaceOrientations_iPhone = "UIInterfaceOrientationPortrait UIInterfaceOrientationLandscapeLeft UIInterfaceOrientationLandscapeRight";
				INFOPLIST_KEY_UISupportsDocumentBrowser = YES;
				IPHONEOS_DEPLOYMENT_TARGET = 17.4;
				LD_RUNPATH_SEARCH_PATHS = (
					"$(inherited)",
					"@executable_path/Frameworks",
				);
				MARKETING_VERSION = 1.0;
				PRODUCT_BUNDLE_IDENTIFIER = "com.MSJ.QuickCode-iOS";
				PRODUCT_NAME = "$(TARGET_NAME)";
				SDKROOT = iphoneos;
				SWIFT_EMIT_LOC_STRINGS = YES;
				SWIFT_VERSION = 5.0;
				TARGETED_DEVICE_FAMILY = "1,2";
			};
			name = Debug;
		};
		D596C7522BBACCA1008D0E9A /* Release */ = {
			isa = XCBuildConfiguration;
			buildSettings = {
				ASSETCATALOG_COMPILER_APPICON_NAME = AppIcon;
				ASSETCATALOG_COMPILER_GLOBAL_ACCENT_COLOR_NAME = AccentColor;
				CODE_SIGN_STYLE = Automatic;
				CURRENT_PROJECT_VERSION = 1;
				DEVELOPMENT_ASSET_PATHS = "\"QuickCode iOS/Preview Content\"";
				DEVELOPMENT_TEAM = ZWASU9HFBU;
				ENABLE_PREVIEWS = YES;
				GENERATE_INFOPLIST_FILE = YES;
				INFOPLIST_FILE = "QuickCode iOS/Info.plist";
				INFOPLIST_KEY_UIApplicationSceneManifest_Generation = YES;
				INFOPLIST_KEY_UIApplicationSupportsIndirectInputEvents = YES;
				INFOPLIST_KEY_UILaunchScreen_Generation = YES;
				INFOPLIST_KEY_UISupportedInterfaceOrientations_iPad = "UIInterfaceOrientationPortrait UIInterfaceOrientationPortraitUpsideDown UIInterfaceOrientationLandscapeLeft UIInterfaceOrientationLandscapeRight";
				INFOPLIST_KEY_UISupportedInterfaceOrientations_iPhone = "UIInterfaceOrientationPortrait UIInterfaceOrientationLandscapeLeft UIInterfaceOrientationLandscapeRight";
				INFOPLIST_KEY_UISupportsDocumentBrowser = YES;
				IPHONEOS_DEPLOYMENT_TARGET = 17.4;
				LD_RUNPATH_SEARCH_PATHS = (
					"$(inherited)",
					"@executable_path/Frameworks",
				);
				MARKETING_VERSION = 1.0;
				PRODUCT_BUNDLE_IDENTIFIER = "com.MSJ.QuickCode-iOS";
				PRODUCT_NAME = "$(TARGET_NAME)";
				SDKROOT = iphoneos;
				SWIFT_EMIT_LOC_STRINGS = YES;
				SWIFT_VERSION = 5.0;
				TARGETED_DEVICE_FAMILY = "1,2";
				VALIDATE_PRODUCT = YES;
			};
			name = Release;
		};
/* End XCBuildConfiguration section */

/* Begin XCConfigurationList section */
		D596C7242BBACC1E008D0E9A /* Build configuration list for PBXProject "QuickCode" */ = {
			isa = XCConfigurationList;
			buildConfigurations = (
				D596C7392BBACC20008D0E9A /* Debug */,
				D596C73A2BBACC20008D0E9A /* Release */,
			);
			defaultConfigurationIsVisible = 0;
			defaultConfigurationName = Release;
		};
		D596C73B2BBACC20008D0E9A /* Build configuration list for PBXNativeTarget "QuickCode" */ = {
			isa = XCConfigurationList;
			buildConfigurations = (
				D596C73C2BBACC20008D0E9A /* Debug */,
				D596C73D2BBACC20008D0E9A /* Release */,
			);
			defaultConfigurationIsVisible = 0;
			defaultConfigurationName = Release;
		};
		D596C7502BBACCA1008D0E9A /* Build configuration list for PBXNativeTarget "QuickCode iOS" */ = {
			isa = XCConfigurationList;
			buildConfigurations = (
				D596C7512BBACCA1008D0E9A /* Debug */,
				D596C7522BBACCA1008D0E9A /* Release */,
			);
			defaultConfigurationIsVisible = 0;
			defaultConfigurationName = Release;
		};
/* End XCConfigurationList section */
	};
	rootObject = D596C7212BBACC1E008D0E9A /* Project object */;
}
